<?xml version="1.0" encoding="utf-8"?>
<Project ToolsVersion="4.0" xmlns="http://schemas.microsoft.com/developer/msbuild/2003">
  <ItemGroup>
    <Filter Include="Source Files">
      <UniqueIdentifier>{4FC737F1-C7A5-4376-A066-2A32D752A2FF}</UniqueIdentifier>
      <Extensions>cpp;c;cc;cxx;c++;cppm;ixx;def;odl;idl;hpj;bat;asm;asmx</Extensions>
    </Filter>
    <Filter Include="Header Files">
      <UniqueIdentifier>{93995380-89BD-4b04-88EB-625FBE52EBFB}</UniqueIdentifier>
      <Extensions>h;hh;hpp;hxx;h++;hm;inl;inc;ipp;xsd</Extensions>
    </Filter>
    <Filter Include="Resource Files">
      <UniqueIdentifier>{67DA6AB6-F800-4c08-8B7A-83BB121AAD01}</UniqueIdentifier>
      <Extensions>rc;ico;cur;bmp;dlg;rc2;rct;bin;rgs;gif;jpg;jpeg;jpe;resx;tiff;tif;png;wav;mfcribbon-ms</Extensions>
    </Filter>
    <Filter Include="Header Files\Cities">
      <UniqueIdentifier>{6293e8a2-3781-4ebd-8b55-90a1eec3a6ff}</UniqueIdentifier>
    </Filter>
    <Filter Include="Header Files\Fraction">
      <UniqueIdentifier>{a0fa2b77-23be-4893-a893-32c8bc31a53b}</UniqueIdentifier>
    </Filter>
    <Filter Include="Header Files\DoubleList">
      <UniqueIdentifier>{9cd34a6f-ffe3-486e-a97a-1fd6f9b9a305}</UniqueIdentifier>
    </Filter>
  </ItemGroup>
  <ItemGroup>
    <ClInclude Include="Sequence.h">
      <Filter>Header Files\Cities</Filter>
    </ClInclude>
    <ClInclude Include="Array.h">
      <Filter>Header Files\Cities</Filter>
    </ClInclude>
    <ClInclude Include="Cities.h">
      <Filter>Header Files\Cities</Filter>
    </ClInclude>
    <ClInclude Include="Fraction.h">
      <Filter>Header Files\Fraction</Filter>
    </ClInclude>
    <ClInclude Include="DoubleList.h">
      <Filter>Header Files\DoubleList</Filter>
    </ClInclude>
    <ClInclude Include="DoubleSingleList.h">
      <Filter>Header Files\DoubleList</Filter>
    </ClInclude>
  </ItemGroup>
  <ItemGroup>
    <ClCompile Include="Cities.cpp">
      <Filter>Source Files</Filter>
    </ClCompile>
    <ClCompile Include="Main.cpp">
      <Filter>Source Files</Filter>
    </ClCompile>
    <ClCompile Include="Fraction.cpp">
      <Filter>Source Files</Filter>
    </ClCompile>
    <ClCompile Include="DoubleSingleList.cpp">
      <Filter>Source Files</Filter>
    </ClCompile>
  </ItemGroup>
</Project>